
Microsoft Visual Studio Solution File, Format Version 12.00
# Visual Studio Version 16
VisualStudioVersion = 16.0.31112.23
MinimumVisualStudioVersion = 10.0.40219.1
Project("{FAE04EC0-301F-11D3-BF4B-00C04F79EFBC}") = "TestarConfiguracoes.Api", "TestarConfiguracoes.Api\TestarConfiguracoes.Api.csproj", "{3BAD96DC-A1F7-4FDC-8A9F-96D4F59EFA8D}"
EndProject
Project("{FAE04EC0-301F-11D3-BF4B-00C04F79EFBC}") = "TestarConfiguracoes.UnitTest", "TestarConfiguracoes.UnitTest\TestarConfiguracoes.UnitTest.csproj", "{6B6D1362-D0AD-43D5-9CE5-65FAA9495935}"
EndProject
Global
	GlobalSection(SolutionConfigurationPlatforms) = preSolution
		Debug|Any CPU = Debug|Any CPU
		Release|Any CPU = Release|Any CPU
	EndGlobalSection
	GlobalSection(ProjectConfigurationPlatforms) = postSolution
		{3BAD96DC-A1F7-4FDC-8A9F-96D4F59EFA8D}.Debug|Any CPU.ActiveCfg = Debug|Any CPU
		{3BAD96DC-A1F7-4FDC-8A9F-96D4F59EFA8D}.Debug|Any CPU.Build.0 = Debug|Any CPU
		{3BAD96DC-A1F7-4FDC-8A9F-96D4F59EFA8D}.Release|Any CPU.ActiveCfg = Release|Any CPU
		{3BAD96DC-A1F7-4FDC-8A9F-96D4F59EFA8D}.Release|Any CPU.Build.0 = Release|Any CPU
		{6B6D1362-D0AD-43D5-9CE5-65FAA9495935}.Debug|Any CPU.ActiveCfg = Debug|Any CPU
		{6B6D1362-D0AD-43D5-9CE5-65FAA9495935}.Debug|Any CPU.Build.0 = Debug|Any CPU
		{6B6D1362-D0AD-43D5-9CE5-65FAA9495935}.Release|Any CPU.ActiveCfg = Release|Any CPU
		{6B6D1362-D0AD-43D5-9CE5-65FAA9495935}.Release|Any CPU.Build.0 = Release|Any CPU
	EndGlobalSection
	GlobalSection(SolutionProperties) = preSolution
		HideSolutionNode = FALSE
	EndGlobalSection
	GlobalSection(ExtensibilityGlobals) = postSolution
		SolutionGuid = {BA94FC7A-2D82-43A2-8BBF-21AC015A584A}
	EndGlobalSection
EndGlobal
